
Microsoft Visual Studio Solution File, Format Version 12.00
# Visual Studio 15
VisualStudioVersion = 15.0.26730.3
MinimumVisualStudioVersion = 10.0.40219.1
Project("{FAE04EC0-301F-11D3-BF4B-00C04F79EFBC}") = "LanguageFeatures", "LanguageFeatures\LanguageFeatures.csproj", "{71501475-F5DC-405E-B9D8-4E3ED901C3B9}"
EndProject
Global
	GlobalSection(SolutionConfigurationPlatforms) = preSolution
		Debug|Any CPU = Debug|Any CPU
		Release|Any CPU = Release|Any CPU
	EndGlobalSection
	GlobalSection(ProjectConfigurationPlatforms) = postSolution
		{71501475-F5DC-405E-B9D8-4E3ED901C3B9}.Debug|Any CPU.ActiveCfg = Debug|Any CPU
		{71501475-F5DC-405E-B9D8-4E3ED901C3B9}.Debug|Any CPU.Build.0 = Debug|Any CPU
		{71501475-F5DC-405E-B9D8-4E3ED901C3B9}.Release|Any CPU.ActiveCfg = Release|Any CPU
		{71501475-F5DC-405E-B9D8-4E3ED901C3B9}.Release|Any CPU.Build.0 = Release|Any CPU
	EndGlobalSection
	GlobalSection(SolutionProperties) = preSolution
		HideSolutionNode = FALSE
	EndGlobalSection
	GlobalSection(ExtensibilityGlobals) = postSolution
		SolutionGuid = {8B3670D0-D4B1-485E-9EB7-F99366239150}
	EndGlobalSection
EndGlobal
