
Microsoft Visual Studio Solution File, Format Version 12.00
# Visual Studio 15
VisualStudioVersion = 15.0.26730.3
MinimumVisualStudioVersion = 10.0.40219.1
Project("{FAE04EC0-301F-11D3-BF4B-00C04F79EFBC}") = "ConventionsAndConstraints", "ConventionsAndConstraints\ConventionsAndConstraints.csproj", "{5F637E1F-F8AA-4271-B21A-18BBE5838DC1}"
EndProject
Global
	GlobalSection(SolutionConfigurationPlatforms) = preSolution
		Debug|Any CPU = Debug|Any CPU
		Release|Any CPU = Release|Any CPU
	EndGlobalSection
	GlobalSection(ProjectConfigurationPlatforms) = postSolution
		{5F637E1F-F8AA-4271-B21A-18BBE5838DC1}.Debug|Any CPU.ActiveCfg = Debug|Any CPU
		{5F637E1F-F8AA-4271-B21A-18BBE5838DC1}.Debug|Any CPU.Build.0 = Debug|Any CPU
		{5F637E1F-F8AA-4271-B21A-18BBE5838DC1}.Release|Any CPU.ActiveCfg = Release|Any CPU
		{5F637E1F-F8AA-4271-B21A-18BBE5838DC1}.Release|Any CPU.Build.0 = Release|Any CPU
	EndGlobalSection
	GlobalSection(SolutionProperties) = preSolution
		HideSolutionNode = FALSE
	EndGlobalSection
	GlobalSection(ExtensibilityGlobals) = postSolution
		SolutionGuid = {244CAD26-07F6-4797-A072-DF19861C2F49}
	EndGlobalSection
EndGlobal
