
Microsoft Visual Studio Solution File, Format Version 12.00
# Visual Studio 15
VisualStudioVersion = 15.0.26730.3
MinimumVisualStudioVersion = 10.0.40219.1
Project("{FAE04EC0-301F-11D3-BF4B-00C04F79EFBC}") = "Filters", "Filters\Filters.csproj", "{C0D4CD83-34F1-488C-B048-F53C5470914D}"
EndProject
Project("{FAE04EC0-301F-11D3-BF4B-00C04F79EFBC}") = "FilterTests", "FilterTests\FilterTests.csproj", "{C5A3934C-EADB-4D1D-BE84-9D10DF49878F}"
EndProject
Global
	GlobalSection(SolutionConfigurationPlatforms) = preSolution
		Debug|Any CPU = Debug|Any CPU
		Release|Any CPU = Release|Any CPU
	EndGlobalSection
	GlobalSection(ProjectConfigurationPlatforms) = postSolution
		{C0D4CD83-34F1-488C-B048-F53C5470914D}.Debug|Any CPU.ActiveCfg = Debug|Any CPU
		{C0D4CD83-34F1-488C-B048-F53C5470914D}.Debug|Any CPU.Build.0 = Debug|Any CPU
		{C0D4CD83-34F1-488C-B048-F53C5470914D}.Release|Any CPU.ActiveCfg = Release|Any CPU
		{C0D4CD83-34F1-488C-B048-F53C5470914D}.Release|Any CPU.Build.0 = Release|Any CPU
		{C5A3934C-EADB-4D1D-BE84-9D10DF49878F}.Debug|Any CPU.ActiveCfg = Debug|Any CPU
		{C5A3934C-EADB-4D1D-BE84-9D10DF49878F}.Debug|Any CPU.Build.0 = Debug|Any CPU
		{C5A3934C-EADB-4D1D-BE84-9D10DF49878F}.Release|Any CPU.ActiveCfg = Release|Any CPU
		{C5A3934C-EADB-4D1D-BE84-9D10DF49878F}.Release|Any CPU.Build.0 = Release|Any CPU
	EndGlobalSection
	GlobalSection(SolutionProperties) = preSolution
		HideSolutionNode = FALSE
	EndGlobalSection
	GlobalSection(ExtensibilityGlobals) = postSolution
		SolutionGuid = {4D001160-5180-4C60-988D-FD96423EDBCD}
	EndGlobalSection
EndGlobal
