
Microsoft Visual Studio Solution File, Format Version 12.00
# Visual Studio 15
VisualStudioVersion = 15.0.26730.3
MinimumVisualStudioVersion = 10.0.40219.1
Project("{FAE04EC0-301F-11D3-BF4B-00C04F79EFBC}") = "ModelValidation", "ModelValidation\ModelValidation.csproj", "{352DE03F-AB19-454C-8482-F0A07C8648E4}"
EndProject
Global
	GlobalSection(SolutionConfigurationPlatforms) = preSolution
		Debug|Any CPU = Debug|Any CPU
		Release|Any CPU = Release|Any CPU
	EndGlobalSection
	GlobalSection(ProjectConfigurationPlatforms) = postSolution
		{352DE03F-AB19-454C-8482-F0A07C8648E4}.Debug|Any CPU.ActiveCfg = Debug|Any CPU
		{352DE03F-AB19-454C-8482-F0A07C8648E4}.Debug|Any CPU.Build.0 = Debug|Any CPU
		{352DE03F-AB19-454C-8482-F0A07C8648E4}.Release|Any CPU.ActiveCfg = Release|Any CPU
		{352DE03F-AB19-454C-8482-F0A07C8648E4}.Release|Any CPU.Build.0 = Release|Any CPU
	EndGlobalSection
	GlobalSection(SolutionProperties) = preSolution
		HideSolutionNode = FALSE
	EndGlobalSection
	GlobalSection(ExtensibilityGlobals) = postSolution
		SolutionGuid = {C3A8E72A-1583-40C4-9BDB-DABBC9A37486}
	EndGlobalSection
EndGlobal
