
Microsoft Visual Studio Solution File, Format Version 12.00
# Visual Studio 15
VisualStudioVersion = 15.0.26730.3
MinimumVisualStudioVersion = 10.0.40219.1
Project("{FAE04EC0-301F-11D3-BF4B-00C04F79EFBC}") = "Cities", "Cities\Cities.csproj", "{535194D1-36ED-48BD-81BA-36FF3B1076E3}"
EndProject
Project("{FAE04EC0-301F-11D3-BF4B-00C04F79EFBC}") = "Cities.Tests", "Cities.Tests\Cities.Tests.csproj", "{9FD51E7D-2D56-4A84-A743-8A5C3DF5C35A}"
EndProject
Global
	GlobalSection(SolutionConfigurationPlatforms) = preSolution
		Debug|Any CPU = Debug|Any CPU
		Release|Any CPU = Release|Any CPU
	EndGlobalSection
	GlobalSection(ProjectConfigurationPlatforms) = postSolution
		{535194D1-36ED-48BD-81BA-36FF3B1076E3}.Debug|Any CPU.ActiveCfg = Debug|Any CPU
		{535194D1-36ED-48BD-81BA-36FF3B1076E3}.Debug|Any CPU.Build.0 = Debug|Any CPU
		{535194D1-36ED-48BD-81BA-36FF3B1076E3}.Release|Any CPU.ActiveCfg = Release|Any CPU
		{535194D1-36ED-48BD-81BA-36FF3B1076E3}.Release|Any CPU.Build.0 = Release|Any CPU
		{9FD51E7D-2D56-4A84-A743-8A5C3DF5C35A}.Debug|Any CPU.ActiveCfg = Debug|Any CPU
		{9FD51E7D-2D56-4A84-A743-8A5C3DF5C35A}.Debug|Any CPU.Build.0 = Debug|Any CPU
		{9FD51E7D-2D56-4A84-A743-8A5C3DF5C35A}.Release|Any CPU.ActiveCfg = Release|Any CPU
		{9FD51E7D-2D56-4A84-A743-8A5C3DF5C35A}.Release|Any CPU.Build.0 = Release|Any CPU
	EndGlobalSection
	GlobalSection(SolutionProperties) = preSolution
		HideSolutionNode = FALSE
	EndGlobalSection
	GlobalSection(ExtensibilityGlobals) = postSolution
		SolutionGuid = {BB1DE628-6C47-470E-9314-D4AF5B13DCDB}
	EndGlobalSection
EndGlobal
