
Microsoft Visual Studio Solution File, Format Version 12.00
# Visual Studio 15
VisualStudioVersion = 15.0.26730.3
MinimumVisualStudioVersion = 10.0.40219.1
Project("{FAE04EC0-301F-11D3-BF4B-00C04F79EFBC}") = "Razor", "Razor\Razor.csproj", "{A67581D4-D9CB-4D53-AAF6-044D150F25F2}"
EndProject
Global
	GlobalSection(SolutionConfigurationPlatforms) = preSolution
		Debug|Any CPU = Debug|Any CPU
		Release|Any CPU = Release|Any CPU
	EndGlobalSection
	GlobalSection(ProjectConfigurationPlatforms) = postSolution
		{A67581D4-D9CB-4D53-AAF6-044D150F25F2}.Debug|Any CPU.ActiveCfg = Debug|Any CPU
		{A67581D4-D9CB-4D53-AAF6-044D150F25F2}.Debug|Any CPU.Build.0 = Debug|Any CPU
		{A67581D4-D9CB-4D53-AAF6-044D150F25F2}.Release|Any CPU.ActiveCfg = Release|Any CPU
		{A67581D4-D9CB-4D53-AAF6-044D150F25F2}.Release|Any CPU.Build.0 = Release|Any CPU
	EndGlobalSection
	GlobalSection(SolutionProperties) = preSolution
		HideSolutionNode = FALSE
	EndGlobalSection
	GlobalSection(ExtensibilityGlobals) = postSolution
		SolutionGuid = {2370CAF0-9120-40CA-A58A-A9C0FA7C1984}
	EndGlobalSection
EndGlobal
