
Microsoft Visual Studio Solution File, Format Version 12.00
# Visual Studio 15
VisualStudioVersion = 15.0.26730.3
MinimumVisualStudioVersion = 10.0.40219.1
Project("{FAE04EC0-301F-11D3-BF4B-00C04F79EFBC}") = "SportsStore", "SportsStore\SportsStore.csproj", "{5795049B-4D7E-4559-9010-F9134DF11849}"
EndProject
Project("{FAE04EC0-301F-11D3-BF4B-00C04F79EFBC}") = "SportsStore.Tests", "SportsStore.Tests\SportsStore.Tests.csproj", "{2A612880-5989-4B76-B14C-9A8517DB0E25}"
EndProject
Global
	GlobalSection(SolutionConfigurationPlatforms) = preSolution
		Debug|Any CPU = Debug|Any CPU
		Release|Any CPU = Release|Any CPU
	EndGlobalSection
	GlobalSection(ProjectConfigurationPlatforms) = postSolution
		{5795049B-4D7E-4559-9010-F9134DF11849}.Debug|Any CPU.ActiveCfg = Debug|Any CPU
		{5795049B-4D7E-4559-9010-F9134DF11849}.Debug|Any CPU.Build.0 = Debug|Any CPU
		{5795049B-4D7E-4559-9010-F9134DF11849}.Release|Any CPU.ActiveCfg = Release|Any CPU
		{5795049B-4D7E-4559-9010-F9134DF11849}.Release|Any CPU.Build.0 = Release|Any CPU
		{2A612880-5989-4B76-B14C-9A8517DB0E25}.Debug|Any CPU.ActiveCfg = Debug|Any CPU
		{2A612880-5989-4B76-B14C-9A8517DB0E25}.Debug|Any CPU.Build.0 = Debug|Any CPU
		{2A612880-5989-4B76-B14C-9A8517DB0E25}.Release|Any CPU.ActiveCfg = Release|Any CPU
		{2A612880-5989-4B76-B14C-9A8517DB0E25}.Release|Any CPU.Build.0 = Release|Any CPU
	EndGlobalSection
	GlobalSection(SolutionProperties) = preSolution
		HideSolutionNode = FALSE
	EndGlobalSection
	GlobalSection(ExtensibilityGlobals) = postSolution
		SolutionGuid = {20342443-2BBB-45CF-8138-43884C5D6F8E}
	EndGlobalSection
EndGlobal
