
Microsoft Visual Studio Solution File, Format Version 12.00
# Visual Studio 15
VisualStudioVersion = 15.0.26730.3
MinimumVisualStudioVersion = 10.0.40219.1
Project("{FAE04EC0-301F-11D3-BF4B-00C04F79EFBC}") = "ConfiguringApps", "ConfiguringApps\ConfiguringApps.csproj", "{92977527-4F67-484A-8CFA-2BEE7039ACB7}"
EndProject
Global
	GlobalSection(SolutionConfigurationPlatforms) = preSolution
		Debug|Any CPU = Debug|Any CPU
		Release|Any CPU = Release|Any CPU
	EndGlobalSection
	GlobalSection(ProjectConfigurationPlatforms) = postSolution
		{92977527-4F67-484A-8CFA-2BEE7039ACB7}.Debug|Any CPU.ActiveCfg = Debug|Any CPU
		{92977527-4F67-484A-8CFA-2BEE7039ACB7}.Debug|Any CPU.Build.0 = Debug|Any CPU
		{92977527-4F67-484A-8CFA-2BEE7039ACB7}.Release|Any CPU.ActiveCfg = Release|Any CPU
		{92977527-4F67-484A-8CFA-2BEE7039ACB7}.Release|Any CPU.Build.0 = Release|Any CPU
	EndGlobalSection
	GlobalSection(SolutionProperties) = preSolution
		HideSolutionNode = FALSE
	EndGlobalSection
	GlobalSection(ExtensibilityGlobals) = postSolution
		SolutionGuid = {76F01B1D-17AA-458D-84C0-962B7BDE04DE}
	EndGlobalSection
EndGlobal
